{
  "lockfile_version": "1",
  "packages": {
    "actionlint@1.7.12": {
      "last_modified": "2026-10-07T09:43:42Z",
      "resolved": "github:NixOS/nixpkgs/39ad350a0602fa0a58a544344e3e9187526ea45c#actionlint",
      "source": "devbox-search",
      "version": "1.7.12",
      "systems": {
        "aarch64-darwin": {
          "outputs": [
            {
              "name": "out",
              "path": "/nix/store/r3shp5s12nk21gslkp2k7drq4n2bs1m9-actionlint-1.7.12",
              "default": true
            }
          ],
          "store_path": "/nix/store/r3shp5s12nk21gslkp2k7drq4n2bs1m9-actionlint-1.7.12"
        },
        "aarch64-linux": {
          "outputs": [
            {
              "name": "out",
              "path": "/nix/store/zcs2y541jbqr94xslvrniz5ilnppdprd-actionlint-1.7.12",
              "default": true
            }
          ],
          "store_path": "/nix/store/zcs2y541jbqr94xslvrniz5ilnppdprd-actionlint-1.7.12"
        },
        "x86_64-darwin": {
          "outputs": [
            {
              "name": "out",
              "path": "/nix/store/w4rjv0ikr5r5x54w758c8ck2016nmzsx-actionlint-1.7.12",
              "default": true
            }
          ],
          "store_path": "/nix/store/w4rjv0ikr5r5x54w758c8ck2016nmzsx-actionlint-1.7.12"
        },
        "x86_64-linux": {
          "outputs": [
            {
              "name": "out",
              "path": "/nix/store/bwxcfsghzk4hyynxgl3lvjgmcnkc7qhf-actionlint-1.7.12",
              "default": true
            }
          ],
          "store_path": "/nix/store/bwxcfsghzk4hyynxgl3lvjgmcnkc7qhf-actionlint-1.7.12"
        }
      }
    },
    "buf@1.73.0": {
      "last_modified": "2026-09-28T04:45:22Z",
      "resolved": "github:NixOS/nixpkgs/419fe0f449b3fbe3bdd53d9840288db4509ec32e#buf",
      "source": "devbox-search",
      "version": "1.73.0",
      "systems": {
        "aarch64-darwin": {
          "outputs": [
            {
              "name": "out",
              "path": "/nix/store/31kslivx0vahj19rsic0al0bwnq961rd-buf-1.73.0",
              "default": true
            }
          ],
          "store_path": "/nix/store/31kslivx0vahj19rsic0al0bwnq961rd-buf-1.73.0"
        },
        "aarch64-linux": {
          "outputs": [
            {
              "name": "out",
              "path": "/nix/store/minykmsmcn1fm6ds0aamahmnis46ch85-buf-1.73.0",
              "default": true
            }
          ],
          "store_path": "/nix/store/minykmsmcn1fm6ds0aamahmnis46ch85-buf-1.73.0"
        },
        "x86_64-linux": {
          "outputs": [
            {
              "name": "out",
              "path": "/nix/store/i02577ygphwzbkb3ab6jsn70rw675jxs-buf-1.73.0",
              "default": true
            }
          ],
          "store_path": "/nix/store/i02577ygphwzbkb3ab6jsn70rw675jxs-buf-1.73.0"
        }
      }
    },
    "cosign@3.1.3": {
      "last_modified": "2026-10-07T09:43:42Z",
      "resolved": "github:NixOS/nixpkgs/39ad350a0602fa0a58a544344e3e9187526ea45c#cosign",
      "source": "devbox-search",
      "version": "3.1.3",
      "systems": {
        "aarch64-darwin": {
          "outputs": [
            {
              "name": "out",
              "path": "/nix/store/mm2iq9p8f7ssnmyjqw1b3l39pzbi2wn9-cosign-3.1.3",
              "default": true
            }
          ],
          "store_path": "/nix/store/mm2iq9p8f7ssnmyjqw1b3l39pzbi2wn9-cosign-3.1.3"
        },
        "aarch64-linux": {
          "outputs": [
            {
              "name": "out",
              "path": "/nix/store/yb5bp40cpmzj8fnsn0hfsczn52cz2nbf-cosign-3.1.3",
              "default": true
            }
          ],
          "store_path": "/nix/store/yb5bp40cpmzj8fnsn0hfsczn52cz2nbf-cosign-3.1.3"
        },
        "x86_64-linux": {
          "outputs": [
            {
              "name": "out",
              "path": "/nix/store/ss1x7jazs5x7xl3x9z50jscacgx1432j-cosign-3.1.3",
              "default": true
            }
          ],
          "store_path": "/nix/store/ss1x7jazs5x7xl3x9z50jscacgx1432j-cosign-3.1.3"
        }
      }
    },
    "crane@0.22.1": {
      "last_modified": "2026-10-07T09:43:42Z",
      "resolved": "github:NixOS/nixpkgs/39ad350a0602fa0a58a544344e3e9187526ea45c#crane",
      "source": "devbox-search",
      "version": "0.22.1",
      "systems": {
        "aarch64-darwin": {
          "outputs": [
            {
              "name": "crane",
              "path": "/nix/store/sw3216pwrh0dzgmf2glm55n38lynla2z-go-containerregistry-0.22.1-crane",
              "default": true
            },
            {
              "name": "out",
              "path": "/nix/store/4c1knyh5anmbfn9clfrk97r29n1jgrgb-go-containerregistry-0.22.1",
              "default": true
            },
            {
              "name": "gcrane",
              "path": "/nix/store/89j8k9rcldw4k81jv0l9j6nv94gpx9dy-go-containerregistry-0.22.1-gcrane"
            }
          ],
          "store_path": "/nix/store/sw3216pwrh0dzgmf2glm55n38lynla2z-go-containerregistry-0.22.1-crane"
        },
        "aarch64-linux": {
          "outputs": [
            {
              "name": "crane",
              "path": "/nix/store/hsxgpcanq26rz3sdp1qmrq95h7k7c6bp-go-containerregistry-0.22.1-crane",
              "default": true
            },
            {
              "name": "out",
              "path": "/nix/store/a6if3cnb023hns8rnmiy2jx5j2pbacns-go-containerregistry-0.22.1",
              "default": true
            },
            {
              "name": "gcrane",
              "path": "/nix/store/0yw5hfhi7c34spxwhyw9jhcmdz27nv5q-go-containerregistry-0.22.1-gcrane"
            }
          ],
          "store_path": "/nix/store/hsxgpcanq26rz3sdp1qmrq95h7k7c6bp-go-containerregistry-0.22.1-crane"
        },
        "x86_64-linux": {
          "outputs": [
            {
              "name": "crane",
              "path": "/nix/store/qycx1x2nhnpiyhj4w56r3sidmqk3834j-go-containerregistry-0.22.1-crane",
              "default": true
            },
            {
              "name": "out",
              "path": "/nix/store/qm0xjhrggnycrcr0wfazmz1p5p2gp67l-go-containerregistry-0.22.1",
              "default": true
            },
            {
              "name": "gcrane",
              "path": "/nix/store/h5989dw92ibvyv5rjmhr6amb5s17yf0x-go-containerregistry-0.22.1-gcrane"
            }
          ],
          "store_path": "/nix/store/qycx1x2nhnpiyhj4w56r3sidmqk3834j-go-containerregistry-0.22.1-crane"
        }
      }
    },
    "git-filter-repo@2.47.0": {
      "last_modified": "2026-09-28T04:45:22Z",
      "resolved": "github:NixOS/nixpkgs/419fe0f449b3fbe3bdd53d9840288db4509ec32e#git-filter-repo",
      "source": "devbox-search",
      "version": "2.47.0",
      "systems": {
        "aarch64-darwin": {
          "outputs": [
            {
              "name": "out",
              "path": "/nix/store/m42bpyh44n31q8w01l9yxwjs26zlf3x1-python3.14-git-filter-repo-2.47.0",
              "default": true
            },
            {
              "name": "dist",
              "path": "/nix/store/3rpaizvl77imzj52p9cmif9xbl6m4z2m-python3.14-git-filter-repo-2.47.0-dist"
            }
          ],
          "store_path": "/nix/store/m42bpyh44n31q8w01l9yxwjs26zlf3x1-python3.14-git-filter-repo-2.47.0"
        },
        "aarch64-linux": {
          "outputs": [
            {
              "name": "out",
              "path": "/nix/store/9lw6g31lsi0cz9inysbryv0isn5vw9rn-python3.14-git-filter-repo-2.47.0",
              "default": true
            },
            {
              "name": "dist",
              "path": "/nix/store/i2vsdcspbqpzph32rpqbgqn781w0cpf4-python3.14-git-filter-repo-2.47.0-dist"
            }
          ],
          "store_path": "/nix/store/9lw6g31lsi0cz9inysbryv0isn5vw9rn-python3.14-git-filter-repo-2.47.0"
        },
        "x86_64-darwin": {
          "outputs": [
            {
              "name": "out",
              "path": "/nix/store/si6mw15cqcvqn0mi6w8nghjbvdf6ibqg-python3.13-git-filter-repo-2.47.0",
              "default": true
            },
            {
              "name": "dist",
              "path": "/nix/store/nrj988vsmsljb2mxa71vl6q4lfwghvmf-python3.13-git-filter-repo-2.47.0-dist"
            }
          ],
          "store_path": "/nix/store/si6mw15cqcvqn0mi6w8nghjbvdf6ibqg-python3.13-git-filter-repo-2.47.0"
        },
        "x86_64-linux": {
          "outputs": [
            {
              "name": "out",
              "path": "/nix/store/8awqxc6l96h61sgm6kbwprw7cyx99ylj-python3.14-git-filter-repo-2.47.0",
              "default": true
            },
            {
              "name": "dist",
              "path": "/nix/store/qqav2nj5af9h9i93n63m6q6sk6xj5fsk-python3.14-git-filter-repo-2.47.0-dist"
            }
          ],
          "store_path": "/nix/store/8awqxc6l96h61sgm6kbwprw7cyx99ylj-python3.14-git-filter-repo-2.47.0"
        }
      }
    },
    "github:NixOS/nixpkgs/39ad350a0602fa0a58a544344e3e9187526ea45c#golangci-lint": {
      "last_modified": "2026-10-07T09:43:42Z",
      "resolved": "github:NixOS/nixpkgs/39ad350a0602fa0a58a544344e3e9187526ea45c?lastModified=1791366222#golangci-lint"
    },
    "github:NixOS/nixpkgs/nixpkgs-unstable": {
      "last_modified": "2026-09-27T11:55:07Z",
      "resolved": "github:NixOS/nixpkgs/3181085bfd08663b6b9e60bc7a8395c2aaa741bd?lastModified=1790510107"
    },
    "glibcLocales@latest": {
      "last_modified": "2026-10-07T09:43:42Z",
      "resolved": "github:NixOS/nixpkgs/39ad350a0602fa0a58a544344e3e9187526ea45c#glibcLocales",
      "source": "devbox-search",
      "version": "2.44-25",
      "systems": {
        "aarch64-linux": {
          "outputs": [
            {
              "name": "out",
              "path": "/nix/store/ywzmjizz5nn5bgahbhxhmawz7gmf6mn2-glibc-locales-2.44-25",
              "default": true
            }
          ],
          "store_path": "/nix/store/ywzmjizz5nn5bgahbhxhmawz7gmf6mn2-glibc-locales-2.44-25"
        },
        "x86_64-linux": {
          "outputs": [
            {
              "name": "out",
              "path": "/nix/store/ig5ylfz7qcgpmvzip4pxfkp2pfi76s2j-glibc-locales-2.44-25",
              "default": true
            }
          ],
          "store_path": "/nix/store/ig5ylfz7qcgpmvzip4pxfkp2pfi76s2j-glibc-locales-2.44-25"
        }
      }
    },
    "go@1.27.0": {
      "last_modified": "2026-08-27T07:16:00Z",
      "resolved": "github:NixOS/nixpkgs/c27cdad491a991b11ed731760aa2ef8db0cb0410#go_1_27",
      "source": "devbox-search",
      "version": "1.27.0",
      "systems": {
        "aarch64-darwin": {
          "outputs": [
            {
              "name": "out",
              "path": "/nix/store/lz3qw52rpazqga73xgsqlj4qz1lgs4hg-go-1.27.0",
              "default": true
            }
          ],
          "store_path": "/nix/store/lz3qw52rpazqga73xgsqlj4qz1lgs4hg-go-1.27.0"
        },
        "aarch64-linux": {
          "outputs": [
            {
              "name": "out",
              "path": "/nix/store/zqjvg5805xkf6zsd8nrdvgbv58yw2phr-go-1.27.0",
              "default": true
            }
          ],
          "store_path": "/nix/store/zqjvg5805xkf6zsd8nrdvgbv58yw2phr-go-1.27.0"
        },
        "x86_64-linux": {
          "outputs": [
            {
              "name": "out",
              "path": "/nix/store/fibbp1k5gcpaxcin4dzk70yd056rfjhg-go-1.27.0",
              "default": true
            }
          ],
          "store_path": "/nix/store/fibbp1k5gcpaxcin4dzk70yd056rfjhg-go-1.27.0"
        }
      }
    },
    "gopls@0.23.0": {
      "last_modified": "2026-09-28T04:45:22Z",
      "resolved": "github:NixOS/nixpkgs/419fe0f449b3fbe3bdd53d9840288db4509ec32e#gopls",
      "source": "devbox-search",
      "version": "0.23.0",
      "systems": {
        "aarch64-darwin": {
          "outputs": [
            {
              "name": "out",
              "path": "/nix/store/p5lfq306nsm8c9x42gs9nkgzrkkcc8f8-gopls-0.23.0",
              "default": true
            }
          ],
          "store_path": "/nix/store/p5lfq306nsm8c9x42gs9nkgzrkkcc8f8-gopls-0.23.0"
        },
        "aarch64-linux": {
          "outputs": [
            {
              "name": "out",
              "path": "/nix/store/hc1fqlx6cbqvdl3vwxc6jbhxb94r3xfw-gopls-0.23.0",
              "default": true
            }
          ],
          "store_path": "/nix/store/hc1fqlx6cbqvdl3vwxc6jbhxb94r3xfw-gopls-0.23.0"
        },
        "x86_64-linux": {
          "outputs": [
            {
              "name": "out",
              "path": "/nix/store/a8362xqnzxwhdpbdhfq6q5s1afh7xxyw-gopls-0.23.0",
              "default": true
            }
          ],
          "store_path": "/nix/store/a8362xqnzxwhdpbdhfq6q5s1afh7xxyw-gopls-0.23.0"
        }
      }
    },
    "goreleaser@2.17.1": {
      "last_modified": "2026-09-28T04:45:22Z",
      "resolved": "github:NixOS/nixpkgs/419fe0f449b3fbe3bdd53d9840288db4509ec32e#goreleaser",
      "source": "devbox-search",
      "version": "2.17.1",
      "systems": {
        "aarch64-darwin": {
          "outputs": [
            {
              "name": "out",
              "path": "/nix/store/3wk2zbrm0rx30gxpgcdxsdg0va8m78z8-goreleaser-2.17.1",
              "default": true
            }
          ],
          "store_path": "/nix/store/3wk2zbrm0rx30gxpgcdxsdg0va8m78z8-goreleaser-2.17.1"
        },
        "aarch64-linux": {
          "outputs": [
            {
              "name": "out",
              "path": "/nix/store/l2fq8kijlnbli4681qj30bmf83s4j6k7-goreleaser-2.17.1",
              "default": true
            }
          ],
          "store_path": "/nix/store/l2fq8kijlnbli4681qj30bmf83s4j6k7-goreleaser-2.17.1"
        },
        "x86_64-linux": {
          "outputs": [
            {
              "name": "out",
              "path": "/nix/store/71mmcscgcrxc7m0c2k2w2w6fmq750w3g-goreleaser-2.17.1",
              "default": true
            }
          ],
          "store_path": "/nix/store/71mmcscgcrxc7m0c2k2w2w6fmq750w3g-goreleaser-2.17.1"
        }
      }
    },
    "govulncheck@1.7.0": {
      "last_modified": "2026-09-09T19:38:03Z",
      "resolved": "github:NixOS/nixpkgs/5052d7ccbcfb7e4ae1586cb2ecf95a2e3707dce9#govulncheck",
      "source": "devbox-search",
      "version": "1.7.0",
      "systems": {
        "aarch64-darwin": {
          "outputs": [
            {
              "name": "out",
              "path": "/nix/store/zgblryrsf4vlmbzj04pl3ngwdsn2z6h7-govulncheck-1.7.0",
              "default": true
            }
          ],
          "store_path": "/nix/store/zgblryrsf4vlmbzj04pl3ngwdsn2z6h7-govulncheck-1.7.0"
        },
        "aarch64-linux": {
          "outputs": [
            {
              "name": "out",
              "path": "/nix/store/bg71fp9wcg8d956rfnrn398nrwcagmk4-govulncheck-1.7.0",
              "default": true
            }
          ],
          "store_path": "/nix/store/bg71fp9wcg8d956rfnrn398nrwcagmk4-govulncheck-1.7.0"
        },
        "x86_64-linux": {
          "outputs": [
            {
              "name": "out",
              "path": "/nix/store/zhxphpb7hydfq73p0zkdz7sxi202sdmv-govulncheck-1.7.0",
              "default": true
            }
          ],
          "store_path": "/nix/store/zhxphpb7hydfq73p0zkdz7sxi202sdmv-govulncheck-1.7.0"
        }
      }
    },
    "just-lsp@0.9.0": {
      "last_modified": "2026-09-28T04:45:22Z",
      "resolved": "github:NixOS/nixpkgs/419fe0f449b3fbe3bdd53d9840288db4509ec32e#just-lsp",
      "source": "devbox-search",
      "version": "0.9.0",
      "systems": {
        "aarch64-darwin": {
          "outputs": [
            {
              "name": "out",
              "path": "/nix/store/hngcfwhm98i06dshksbsmx68f1x753f9-just-lsp-0.9.0",
              "default": true
            }
          ],
          "store_path": "/nix/store/hngcfwhm98i06dshksbsmx68f1x753f9-just-lsp-0.9.0"
        },
        "aarch64-linux": {
          "outputs": [
            {
              "name": "out",
              "path": "/nix/store/x01wc74ijq5gr076axrdlnm5szqyiv03-just-lsp-0.9.0",
              "default": true
            }
          ],
          "store_path": "/nix/store/x01wc74ijq5gr076axrdlnm5szqyiv03-just-lsp-0.9.0"
        },
        "x86_64-linux": {
          "outputs": [
            {
              "name": "out",
              "path": "/nix/store/qyahrwg68ck2189r5njpg8rsbpbkyyr9-just-lsp-0.9.0",
              "default": true
            }
          ],
          "store_path": "/nix/store/qyahrwg68ck2189r5njpg8rsbpbkyyr9-just-lsp-0.9.0"
        }
      }
    },
    "just@1.58.0": {
      "last_modified": "2026-09-28T04:45:22Z",
      "resolved": "github:NixOS/nixpkgs/419fe0f449b3fbe3bdd53d9840288db4509ec32e#just",
      "source": "devbox-search",
      "version": "1.58.0",
      "systems": {
        "aarch64-darwin": {
          "outputs": [
            {
              "name": "out",
              "path": "/nix/store/kcyk3qjxrxbqv110yz408277m1i55faf-just-1.58.0",
              "default": true
            },
            {
              "name": "man",
              "path": "/nix/store/s8abw9ifkmxk79z8zpn6zm9zrpbmh9zb-just-1.58.0-man",
              "default": true
            },
            {
              "name": "doc",
              "path": "/nix/store/wfs31mbwslvi17fxswf81x0a83qcmnyq-just-1.58.0-doc"
            }
          ],
          "store_path": "/nix/store/kcyk3qjxrxbqv110yz408277m1i55faf-just-1.58.0"
        },
        "aarch64-linux": {
          "outputs": [
            {
              "name": "out",
              "path": "/nix/store/2wdl8204rm1sgd31hxf24ykgw0jhrfnd-just-1.58.0",
              "default": true
            },
            {
              "name": "man",
              "path": "/nix/store/abh0yba8y6lk945hg6b0lq5g6vgai225-just-1.58.0-man",
              "default": true
            },
            {
              "name": "doc",
              "path": "/nix/store/pvgg8yxzhgld6kmy58bd4qxyihc87w1r-just-1.58.0-doc"
            }
          ],
          "store_path": "/nix/store/2wdl8204rm1sgd31hxf24ykgw0jhrfnd-just-1.58.0"
        },
        "x86_64-linux": {
          "outputs": [
            {
              "name": "out",
              "path": "/nix/store/nvydswi7ickfaim3l29afrm2238fjzlv-just-1.58.0",
              "default": true
            },
            {
              "name": "man",
              "path": "/nix/store/ihi5s36gfidvbf6wrymh0z6qjb69bvhx-just-1.58.0-man",
              "default": true
            },
            {
              "name": "doc",
              "path": "/nix/store/3kkygdf8x15png0ghk45r2g8px981zrd-just-1.58.0-doc"
            }
          ],
          "store_path": "/nix/store/nvydswi7ickfaim3l29afrm2238fjzlv-just-1.58.0"
        }
      }
    },
    "kind@0.32.0": {
      "last_modified": "2026-09-28T04:45:22Z",
      "resolved": "github:NixOS/nixpkgs/419fe0f449b3fbe3bdd53d9840288db4509ec32e#kind",
      "source": "devbox-search",
      "version": "0.32.0",
      "systems": {
        "aarch64-darwin": {
          "outputs": [
            {
              "name": "out",
              "path": "/nix/store/nj6z9mr4np887y8066wcrms6a2x2hz3v-kind-0.32.0",
              "default": true
            }
          ],
          "store_path": "/nix/store/nj6z9mr4np887y8066wcrms6a2x2hz3v-kind-0.32.0"
        },
        "aarch64-linux": {
          "outputs": [
            {
              "name": "out",
              "path": "/nix/store/xi4x0w04xr4zrd4fc4zfnf5c1dzbycr9-kind-0.32.0",
              "default": true
            }
          ],
          "store_path": "/nix/store/xi4x0w04xr4zrd4fc4zfnf5c1dzbycr9-kind-0.32.0"
        },
        "x86_64-linux": {
          "outputs": [
            {
              "name": "out",
              "path": "/nix/store/nv30xwfiv6cb30kjc8wkk1ps7rwmhgp4-kind-0.32.0",
              "default": true
            }
          ],
          "store_path": "/nix/store/nv30xwfiv6cb30kjc8wkk1ps7rwmhgp4-kind-0.32.0"
        }
      }
    },
    "ko@0.19.1": {
      "last_modified": "2026-09-28T04:45:22Z",
      "resolved": "github:NixOS/nixpkgs/419fe0f449b3fbe3bdd53d9840288db4509ec32e#ko",
      "source": "devbox-search",
      "version": "0.19.1",
      "systems": {
        "aarch64-darwin": {
          "outputs": [
            {
              "name": "out",
              "path": "/nix/store/aa9faksxqw5fyvj4s3dx0258s4lxxf7x-ko-0.19.1",
              "default": true
            }
          ],
          "store_path": "/nix/store/aa9faksxqw5fyvj4s3dx0258s4lxxf7x-ko-0.19.1"
        },
        "aarch64-linux": {
          "outputs": [
            {
              "name": "out",
              "path": "/nix/store/wpfis7dql1m9j2n52s4d8sfqabrp1q0y-ko-0.19.1",
              "default": true
            }
          ],
          "store_path": "/nix/store/wpfis7dql1m9j2n52s4d8sfqabrp1q0y-ko-0.19.1"
        },
        "x86_64-darwin": {
          "outputs": [
            {
              "name": "out",
              "path": "/nix/store/1f5j1chicqia1cz9ycgjbd25pbmc61as-ko-0.19.1",
              "default": true
            }
          ],
          "store_path": "/nix/store/1f5j1chicqia1cz9ycgjbd25pbmc61as-ko-0.19.1"
        },
        "x86_64-linux": {
          "outputs": [
            {
              "name": "out",
              "path": "/nix/store/h9px403mg91x0dlxgyd4pjdfa7rmggp1-ko-0.19.1",
              "default": true
            }
          ],
          "store_path": "/nix/store/h9px403mg91x0dlxgyd4pjdfa7rmggp1-ko-0.19.1"
        }
      }
    },
    "kubectl@1.37.0": {
      "last_modified": "2026-09-27T11:55:07Z",
      "resolved": "github:NixOS/nixpkgs/3181085bfd08663b6b9e60bc7a8395c2aaa741bd#kubectl",
      "source": "devbox-search",
      "version": "1.37.0",
      "systems": {
        "aarch64-darwin": {
          "outputs": [
            {
              "name": "out",
              "path": "/nix/store/v43l678086pb5q6szcqkmwvfxd386yai-kubectl-1.37.0",
              "default": true
            },
            {
              "name": "man",
              "path": "/nix/store/dw6qxp3v32ilw0jws5pnkw5hz7skacw7-kubectl-1.37.0-man",
              "default": true
            },
            {
              "name": "convert",
              "path": "/nix/store/ns8i8ibppjgi4w80f2ppxc2vmkcqqs2g-kubectl-1.37.0-convert"
            }
          ],
          "store_path": "/nix/store/v43l678086pb5q6szcqkmwvfxd386yai-kubectl-1.37.0"
        },
        "aarch64-linux": {
          "outputs": [
            {
              "name": "out",
              "path": "/nix/store/rzxxk7xn7fglccxy8jp6797n020scw51-kubectl-1.37.0",
              "default": true
            },
            {
              "name": "man",
              "path": "/nix/store/f10ig7zrahp8cxazh185v561vb9bcvcc-kubectl-1.37.0-man",
              "default": true
            },
            {
              "name": "convert",
              "path": "/nix/store/zk7rc70cmg57pxy4rsrfvlvipj55jyd0-kubectl-1.37.0-convert"
            }
          ],
          "store_path": "/nix/store/rzxxk7xn7fglccxy8jp6797n020scw51-kubectl-1.37.0"
        },
        "x86_64-linux": {
          "outputs": [
            {
              "name": "out",
              "path": "/nix/store/a8v06bvfssmp8hllrjyv1mh62yqxzh5f-kubectl-1.37.0",
              "default": true
            },
            {
              "name": "man",
              "path": "/nix/store/zwpgc7v191ahphn9b09n91mhsc3a1h2y-kubectl-1.37.0-man",
              "default": true
            },
            {
              "name": "convert",
              "path": "/nix/store/k22p9zr5ib2cmawcxi4wpfj81hbxvy8p-kubectl-1.37.0-convert"
            }
          ],
          "store_path": "/nix/store/a8v06bvfssmp8hllrjyv1mh62yqxzh5f-kubectl-1.37.0"
        }
      }
    },
    "kubernetes-helm@4.3.0": {
      "last_modified": "2026-09-28T04:45:22Z",
      "resolved": "github:NixOS/nixpkgs/419fe0f449b3fbe3bdd53d9840288db4509ec32e#kubernetes-helm",
      "source": "devbox-search",
      "version": "4.3.0",
      "systems": {
        "aarch64-darwin": {
          "outputs": [
            {
              "name": "out",
              "path": "/nix/store/zhi9ayx37fxix2lj56698cqzn49bizrk-kubernetes-helm-4.3.0",
              "default": true
            }
          ],
          "store_path": "/nix/store/zhi9ayx37fxix2lj56698cqzn49bizrk-kubernetes-helm-4.3.0"
        },
        "aarch64-linux": {
          "outputs": [
            {
              "name": "out",
              "path": "/nix/store/aywwcg6hbrpmq6c9p0bfmdbyjndjj8y7-kubernetes-helm-4.3.0",
              "default": true
            }
          ],
          "store_path": "/nix/store/aywwcg6hbrpmq6c9p0bfmdbyjndjj8y7-kubernetes-helm-4.3.0"
        },
        "x86_64-linux": {
          "outputs": [
            {
              "name": "out",
              "path": "/nix/store/pvk804xi6vjr19gb6mc4janfamdb2cwc-kubernetes-helm-4.3.0",
              "default": true
            }
          ],
          "store_path": "/nix/store/pvk804xi6vjr19gb6mc4janfamdb2cwc-kubernetes-helm-4.3.0"
        }
      }
    },
    "lefthook@2.1.14": {
      "last_modified": "2026-09-28T04:45:22Z",
      "resolved": "github:NixOS/nixpkgs/419fe0f449b3fbe3bdd53d9840288db4509ec32e#lefthook",
      "source": "devbox-search",
      "version": "2.1.14",
      "systems": {
        "aarch64-darwin": {
          "outputs": [
            {
              "name": "out",
              "path": "/nix/store/mx3dil6ynryy3738kvqpzcrw1abfj81r-lefthook-2.1.14",
              "default": true
            }
          ],
          "store_path": "/nix/store/mx3dil6ynryy3738kvqpzcrw1abfj81r-lefthook-2.1.14"
        },
        "aarch64-linux": {
          "outputs": [
            {
              "name": "out",
              "path": "/nix/store/jbfgmpkld95r8pqbp03n2vllgl4y41jw-lefthook-2.1.14",
              "default": true
            }
          ],
          "store_path": "/nix/store/jbfgmpkld95r8pqbp03n2vllgl4y41jw-lefthook-2.1.14"
        },
        "x86_64-linux": {
          "outputs": [
            {
              "name": "out",
              "path": "/nix/store/f0c4575m3qnrqzkb8w82yza01rvwisbx-lefthook-2.1.14",
              "default": true
            }
          ],
          "store_path": "/nix/store/f0c4575m3qnrqzkb8w82yza01rvwisbx-lefthook-2.1.14"
        }
      }
    },
    "nodejs@26.8.1": {
      "last_modified": "2026-09-10T20:56:27Z",
      "plugin_version": "0.0.5",
      "resolved": "github:NixOS/nixpkgs/aff8a0b28396750446e5537a96461bc4facdb287#nodejs_26",
      "source": "devbox-search",
      "version": "26.8.1",
      "systems": {
        "aarch64-darwin": {
          "outputs": [
            {
              "name": "out",
              "path": "/nix/store/szf4xdpd4znb3hzprlyivq6nd507hyas-nodejs-26.8.1",
              "default": true
            }
          ],
          "store_path": "/nix/store/szf4xdpd4znb3hzprlyivq6nd507hyas-nodejs-26.8.1"
        },
        "aarch64-linux": {
          "outputs": [
            {
              "name": "out",
              "path": "/nix/store/s3azam32y3bmwd6b2zynqqg9yv99lnam-nodejs-26.8.1",
              "default": true
            }
          ],
          "store_path": "/nix/store/s3azam32y3bmwd6b2zynqqg9yv99lnam-nodejs-26.8.1"
        },
        "x86_64-linux": {
          "outputs": [
            {
              "name": "out",
              "path": "/nix/store/ymlp5q9l64224b9jqpqwp298bgbjv7p9-nodejs-26.8.1",
              "default": true
            }
          ],
          "store_path": "/nix/store/ymlp5q9l64224b9jqpqwp298bgbjv7p9-nodejs-26.8.1"
        }
      }
    },
    "openssl@3.6.0": {
      "last_modified": "2025-12-05T06:24:47Z",
      "resolved": "github:NixOS/nixpkgs/42e29df35be6ef54091d3a3b4e97056ce0a98ce8#openssl",
      "source": "devbox-search",
      "version": "3.6.0",
      "systems": {
        "aarch64-darwin": {
          "outputs": [
            {
              "name": "bin",
              "path": "/nix/store/z9prisxci5h5lsk3rdknd4jzq7k9q13d-openssl-3.6.0-bin",
              "default": true
            },
            {
              "name": "man",
              "path": "/nix/store/ii9mnzr3i92mgk9dkgg65739mavd0j6f-openssl-3.6.0-man",
              "default": true
            },
            {
              "name": "dev",
              "path": "/nix/store/h0qgqik0mk0wn7rmm2kk3grfi1wzly74-openssl-3.6.0-dev"
            },
            {
              "name": "doc",
              "path": "/nix/store/yx3ip21fdaaxpjn5fbir02mqnaw9cm4f-openssl-3.6.0-doc"
            },
            {
              "name": "out",
              "path": "/nix/store/3z54dgks2mz3dhwddj158sdibll8xmq5-openssl-3.6.0"
            }
          ],
          "store_path": "/nix/store/z9prisxci5h5lsk3rdknd4jzq7k9q13d-openssl-3.6.0-bin"
        },
        "aarch64-linux": {
          "outputs": [
            {
              "name": "bin",
              "path": "/nix/store/wb6q44n9kcb5acmaa4rgqsajadx1fhhl-openssl-3.6.0-bin",
              "default": true
            },
            {
              "name": "man",
              "path": "/nix/store/c9n1alb7ypzjvzd47m16fiwfczz23qs3-openssl-3.6.0-man",
              "default": true
            },
            {
              "name": "debug",
              "path": "/nix/store/ci6d4k1sj4bnr892lsrqqmjiihqsk0bl-openssl-3.6.0-debug"
            },
            {
              "name": "dev",
              "path": "/nix/store/pq8b7fb3282g68pmk14mbyi20qn6chid-openssl-3.6.0-dev"
            },
            {
              "name": "doc",
              "path": "/nix/store/vaplp6w56dyz38986bgkf0pbg3r486b2-openssl-3.6.0-doc"
            },
            {
              "name": "out",
              "path": "/nix/store/nj50gkyx813dxvfmsg1q8m330hmf3h86-openssl-3.6.0"
            }
          ],
          "store_path": "/nix/store/wb6q44n9kcb5acmaa4rgqsajadx1fhhl-openssl-3.6.0-bin"
        },
        "x86_64-darwin": {
          "outputs": [
            {
              "name": "bin",
              "path": "/nix/store/m3xwn9n0jypwjgi256idfzs979g30j29-openssl-3.6.0-bin",
              "default": true
            },
            {
              "name": "man",
              "path": "/nix/store/hw43f3y1vl7ydrd4samnwnrwqqwkpisv-openssl-3.6.0-man",
              "default": true
            },
            {
              "name": "dev",
              "path": "/nix/store/dirjrfjk8jgsbdpslgb51cav6qaxn2vm-openssl-3.6.0-dev"
            },
            {
              "name": "doc",
              "path": "/nix/store/va1zhkz0nfmycvd0h239hi4w40qgaxcx-openssl-3.6.0-doc"
            },
            {
              "name": "out",
              "path": "/nix/store/q9a4wssx24xsy28w8kifdqizc01fh7sc-openssl-3.6.0"
            }
          ],
          "store_path": "/nix/store/m3xwn9n0jypwjgi256idfzs979g30j29-openssl-3.6.0-bin"
        },
        "x86_64-linux": {
          "outputs": [
            {
              "name": "bin",
              "path": "/nix/store/k0gl1zc7f5hk87lylxwbipb0b870bcmk-openssl-3.6.0-bin",
              "default": true
            },
            {
              "name": "man",
              "path": "/nix/store/a9jdl6xq9fc98ykpvqmc9kf0b0j9y8wh-openssl-3.6.0-man",
              "default": true
            },
            {
              "name": "debug",
              "path": "/nix/store/sqv8kbdgfxlr2d6nysr8c2715qpsi6f5-openssl-3.6.0-debug"
            },
            {
              "name": "dev",
              "path": "/nix/store/ydrckgnllgg8nmhdwni81h7xhcpnrlhd-openssl-3.6.0-dev"
            },
            {
              "name": "doc",
              "path": "/nix/store/cgp9ig35iwicfb9spcrgyg2m5dmlcgrv-openssl-3.6.0-doc"
            },
            {
              "name": "out",
              "path": "/nix/store/61i74yjkj9p1qphfl7018ja4sdwkipx0-openssl-3.6.0"
            }
          ],
          "store_path": "/nix/store/k0gl1zc7f5hk87lylxwbipb0b870bcmk-openssl-3.6.0-bin"
        }
      }
    },
    "postgresql@17": {
      "last_modified": "2026-07-08T01:50:52Z",
      "plugin_version": "0.0.2",
      "resolved": "github:NixOS/nixpkgs/05988b07fb05cbcb50be6bce197b4b5f75b5e61b#postgresql",
      "source": "devbox-search",
      "version": "17.10",
      "systems": {
        "aarch64-darwin": {
          "outputs": [
            {
              "name": "out",
              "path": "/nix/store/hzbggmj1nil9902bfq876dxd1xscwlpb-postgresql-17.10",
              "default": true
            },
            {
              "name": "man",
              "path": "/nix/store/s1pqxfassz17nnh5l8fpc0yrrnis5f6l-postgresql-17.10-man",
              "default": true
            },
            {
              "name": "dev",
              "path": "/nix/store/x9ynbjwsrxbyhvh86qkg7aa2a138v8f3-postgresql-17.10-dev"
            },
            {
              "name": "doc",
              "path": "/nix/store/w7dqbp6drpjhh8fmw21ddgx2bjz94acj-postgresql-17.10-doc"
            },
            {
              "name": "jit",
              "path": "/nix/store/gmbbx0n9xlrrh0jdyf6fn89c17m1v69h-postgresql-17.10-jit"
            },
            {
              "name": "lib",
              "path": "/nix/store/ckx6mgsnpjzzd51w2i009h88p09adgw1-postgresql-17.10-lib"
            },
            {
              "name": "plperl",
              "path": "/nix/store/xwyg5lram9b739wcbrz7p8vd4zk41axl-postgresql-17.10-plperl"
            },
            {
              "name": "plpython3",
              "path": "/nix/store/nkpyi2c1b9zrhs7qcw55zqvd8h3dj8z4-postgresql-17.10-plpython3"
            },
            {
              "name": "pltcl",
              "path": "/nix/store/mwnii772wdlfs17hyyajjyvbl355lkx8-postgresql-17.10-pltcl"
            }
          ],
          "store_path": "/nix/store/hzbggmj1nil9902bfq876dxd1xscwlpb-postgresql-17.10"
        },
        "aarch64-linux": {
          "outputs": [
            {
              "name": "out",
              "path": "/nix/store/9ncchkya5z6s60bdxfn4w36gq10d02li-postgresql-17.10",
              "default": true
            },
            {
              "name": "man",
              "path": "/nix/store/w9nl213mjgfrv4na04k5bjbhabc4pl4w-postgresql-17.10-man",
              "default": true
            },
            {
              "name": "dev",
              "path": "/nix/store/r3xd0zkag7zk4bx9n4yh664k8arq7k4x-postgresql-17.10-dev"
            },
            {
              "name": "jit",
              "path": "/nix/store/j59a0qg5ycdxw0dbbhxl4wr2bf1h2a49-postgresql-17.10-jit"
            },
            {
              "name": "lib",
              "path": "/nix/store/gk31jp47f78n8ahp3hi92rdg1dx07ygp-postgresql-17.10-lib"
            },
            {
              "name": "plpython3",
              "path": "/nix/store/hxig1vf4v6gnlxm7z61ccv1lgm0aq0n6-postgresql-17.10-plpython3"
            },
            {
              "name": "pltcl",
              "path": "/nix/store/xjk75lk9wb1c42xjbmsyml6vphcagsd6-postgresql-17.10-pltcl"
            },
            {
              "name": "doc",
              "path": "/nix/store/3y6ypqn3z99wxkrp036ar55srvqxhbfs-postgresql-17.10-doc"
            },
            {
              "name": "plperl",
              "path": "/nix/store/ic9dmz09rr7h97hqbq2wwfh12yw2gk04-postgresql-17.10-plperl"
            },
            {
              "name": "debug",
              "path": "/nix/store/d5br06xpbbsnjbvyhlg1vb7sg5vsh4cl-postgresql-17.10-debug"
            }
          ],
          "store_path": "/nix/store/9ncchkya5z6s60bdxfn4w36gq10d02li-postgresql-17.10"
        },
        "x86_64-darwin": {
          "outputs": [
            {
              "name": "out",
              "path": "/nix/store/jgxdaiah5jwxw59dva74kgljyma997n8-postgresql-17.10",
              "default": true
            },
            {
              "name": "man",
              "path": "/nix/store/bak19mp0xgx9rwsmw1lzwcl3wb2saz38-postgresql-17.10-man",
              "default": true
            },
            {
              "name": "lib",
              "path": "/nix/store/yvbnhnx1dk5i0877gam5yc8cvfiiz3bp-postgresql-17.10-lib"
            },
            {
              "name": "plperl",
              "path": "/nix/store/3bdjvw41s62iq0abf17d5dcgmdmsrvaw-postgresql-17.10-plperl"
            },
            {
              "name": "plpython3",
              "path": "/nix/store/pdqsdbz6ghicqhny4as3ws1gs0yy94s8-postgresql-17.10-plpython3"
            },
            {
              "name": "pltcl",
              "path": "/nix/store/049bby0qrz8wh4073i41ghk4vfzs54vk-postgresql-17.10-pltcl"
            },
            {
              "name": "doc",
              "path": "/nix/store/3jj55asrgl1ahv01gkpzqmvwnzvg1wrb-postgresql-17.10-doc"
            },
            {
              "name": "jit",
              "path": "/nix/store/5vfbgj9n87l1zk7ljqisigsz9ax5sgad-postgresql-17.10-jit"
            },
            {
              "name": "dev",
              "path": "/nix/store/x1rfdcnxh1kj634bz73k8xg2p3i5rf22-postgresql-17.10-dev"
            }
          ],
          "store_path": "/nix/store/jgxdaiah5jwxw59dva74kgljyma997n8-postgresql-17.10"
        },
        "x86_64-linux": {
          "outputs": [
            {
              "name": "out",
              "path": "/nix/store/fdh93xn8lhlkdslwrgxzr8kd1qc8akga-postgresql-17.10",
              "default": true
            },
            {
              "name": "man",
              "path": "/nix/store/iqr4qfr28ks77m8hlzm8d8wgkf7rr5hg-postgresql-17.10-man",
              "default": true
            },
            {
              "name": "dev",
              "path": "/nix/store/92b64gg5xc23f45ncmgxjcxs1g9ncmnc-postgresql-17.10-dev"
            },
            {
              "name": "doc",
              "path": "/nix/store/nyh2h847zssl7qn9nqbvm60bhigsrn71-postgresql-17.10-doc"
            },
            {
              "name": "plperl",
              "path": "/nix/store/0rkgsn2r9151991bznkbvjhqmrkf019n-postgresql-17.10-plperl"
            },
            {
              "name": "plpython3",
              "path": "/nix/store/mw6f3sbwgcwpypq0v5xrx32hcwbqkbhi-postgresql-17.10-plpython3"
            },
            {
              "name": "pltcl",
              "path": "/nix/store/ylhbl8lk0n190pb9m6scg7nkip6wxlan-postgresql-17.10-pltcl"
            },
            {
              "name": "debug",
              "path": "/nix/store/g88yk9zvh38sllvzch1yd1sa67rdzrvj-postgresql-17.10-debug"
            },
            {
              "name": "jit",
              "path": "/nix/store/2v4qijdyh09nvz5cg22j2ky8ssiifza8-postgresql-17.10-jit"
            },
            {
              "name": "lib",
              "path": "/nix/store/zyhz4k8gwfdha8q9bcrfy82l5vczd8xl-postgresql-17.10-lib"
            }
          ],
          "store_path": "/nix/store/fdh93xn8lhlkdslwrgxzr8kd1qc8akga-postgresql-17.10"
        }
      }
    },
    "protoc-gen-connect-go@1.21.0": {
      "last_modified": "2026-09-28T04:45:22Z",
      "resolved": "github:NixOS/nixpkgs/419fe0f449b3fbe3bdd53d9840288db4509ec32e#protoc-gen-connect-go",
      "source": "devbox-search",
      "version": "1.21.0",
      "systems": {
        "aarch64-darwin": {
          "outputs": [
            {
              "name": "out",
              "path": "/nix/store/9yxc00gwvjkdaf5qhaa5rlmvz7wmw59j-protoc-gen-connect-go-1.21.0",
              "default": true
            }
          ],
          "store_path": "/nix/store/9yxc00gwvjkdaf5qhaa5rlmvz7wmw59j-protoc-gen-connect-go-1.21.0"
        },
        "aarch64-linux": {
          "outputs": [
            {
              "name": "out",
              "path": "/nix/store/7fxiwzylwcc1nz1mqwplbzpy0r6160ms-protoc-gen-connect-go-1.21.0",
              "default": true
            }
          ],
          "store_path": "/nix/store/7fxiwzylwcc1nz1mqwplbzpy0r6160ms-protoc-gen-connect-go-1.21.0"
        },
        "x86_64-linux": {
          "outputs": [
            {
              "name": "out",
              "path": "/nix/store/igzs6hikvys6y7cxxpmkwpwjw6g8wc3f-protoc-gen-connect-go-1.21.0",
              "default": true
            }
          ],
          "store_path": "/nix/store/igzs6hikvys6y7cxxpmkwpwjw6g8wc3f-protoc-gen-connect-go-1.21.0"
        }
      }
    },
    "protoc-gen-go@1.36.12": {
      "last_modified": "2026-09-28T04:45:22Z",
      "resolved": "github:NixOS/nixpkgs/419fe0f449b3fbe3bdd53d9840288db4509ec32e#protoc-gen-go",
      "source": "devbox-search",
      "version": "1.36.12",
      "systems": {
        "aarch64-darwin": {
          "outputs": [
            {
              "name": "out",
              "path": "/nix/store/lzv6f56cvmdff0bxk891zv70ya994bd7-protoc-gen-go-1.36.12",
              "default": true
            }
          ],
          "store_path": "/nix/store/lzv6f56cvmdff0bxk891zv70ya994bd7-protoc-gen-go-1.36.12"
        },
        "aarch64-linux": {
          "outputs": [
            {
              "name": "out",
              "path": "/nix/store/wgx6985lk4k1ki4g2qh7zj4ryi7hnj6g-protoc-gen-go-1.36.12",
              "default": true
            }
          ],
          "store_path": "/nix/store/wgx6985lk4k1ki4g2qh7zj4ryi7hnj6g-protoc-gen-go-1.36.12"
        },
        "x86_64-linux": {
          "outputs": [
            {
              "name": "out",
              "path": "/nix/store/0rjvhjgbyvdxlkp7rm2il7irghx3fcmc-protoc-gen-go-1.36.12",
              "default": true
            }
          ],
          "store_path": "/nix/store/0rjvhjgbyvdxlkp7rm2il7irghx3fcmc-protoc-gen-go-1.36.12"
        }
      }
    },
    "syft@1.54.0": {
      "last_modified": "2026-10-07T09:43:42Z",
      "resolved": "github:NixOS/nixpkgs/39ad350a0602fa0a58a544344e3e9187526ea45c#syft",
      "source": "devbox-search",
      "version": "1.54.0",
      "systems": {
        "aarch64-darwin": {
          "outputs": [
            {
              "name": "out",
              "path": "/nix/store/rqx4zynh758191rwdr7mh9n9knmshlgl-syft-1.54.0",
              "default": true
            }
          ],
          "store_path": "/nix/store/rqx4zynh758191rwdr7mh9n9knmshlgl-syft-1.54.0"
        },
        "aarch64-linux": {
          "outputs": [
            {
              "name": "out",
              "path": "/nix/store/lj8apqn155q7dh701m9ad96js50842gd-syft-1.54.0",
              "default": true
            }
          ],
          "store_path": "/nix/store/lj8apqn155q7dh701m9ad96js50842gd-syft-1.54.0"
        },
        "x86_64-linux": {
          "outputs": [
            {
              "name": "out",
              "path": "/nix/store/dxbd85fcsvvmfrafnm302c53sz7x8l5f-syft-1.54.0",
              "default": true
            }
          ],
          "store_path": "/nix/store/dxbd85fcsvvmfrafnm302c53sz7x8l5f-syft-1.54.0"
        }
      }
    },
    "yq-go@4.53.3": {
      "last_modified": "2026-09-28T04:45:22Z",
      "resolved": "github:NixOS/nixpkgs/419fe0f449b3fbe3bdd53d9840288db4509ec32e#yq-go",
      "source": "devbox-search",
      "version": "4.53.3",
      "systems": {
        "aarch64-darwin": {
          "outputs": [
            {
              "name": "out",
              "path": "/nix/store/v3ayf8is5s9c90z6bwqvsjvya4wvmsfk-yq-go-4.53.3",
              "default": true
            }
          ],
          "store_path": "/nix/store/v3ayf8is5s9c90z6bwqvsjvya4wvmsfk-yq-go-4.53.3"
        },
        "aarch64-linux": {
          "outputs": [
            {
              "name": "out",
              "path": "/nix/store/bnyxyzgh0qh5vqciarwx2rdd02p3165h-yq-go-4.53.3",
              "default": true
            }
          ],
          "store_path": "/nix/store/bnyxyzgh0qh5vqciarwx2rdd02p3165h-yq-go-4.53.3"
        },
        "x86_64-darwin": {
          "outputs": [
            {
              "name": "out",
              "path": "/nix/store/agf9fyr053m3092vsmh6vih3apz0kw05-yq-go-4.53.3",
              "default": true
            }
          ],
          "store_path": "/nix/store/agf9fyr053m3092vsmh6vih3apz0kw05-yq-go-4.53.3"
        },
        "x86_64-linux": {
          "outputs": [
            {
              "name": "out",
              "path": "/nix/store/wnh2xakcycx328c14s9dvpwq2diyg8hf-yq-go-4.53.3",
              "default": true
            }
          ],
          "store_path": "/nix/store/wnh2xakcycx328c14s9dvpwq2diyg8hf-yq-go-4.53.3"
        }
      }
    }
  }
}
